{
  "name": "hr-dashboard-frontend",
  "version": "1.0.0",
  "lockfileVersion": 3,
  "requires": true,
  "packages": {
    "": {
      "name": "hr-dashboard-frontend",
      "version": "1.0.0",
      "dependencies": {
        "chart.js": "^4.4.7",
        "echarts": "^5.5.1",
        "pinia": "^2.3.0",
        "vue": "^3.5.13",
        "vue-router": "^4.5.0"
      },
      "devDependencies": {
        "@vitejs/plugin-vue": "^5.2.1",
        "vite": "^6.0.7"
      }
    },
    "node_modules/@babel/helper-string-parser": {
      "version": "7.29.7",
      "resolved": "https://registry.npmjs.org/@babel/helper-string-parser/-/helper-string-parser-7.29.7.tgz",
      "integrity": "sha512-Pb5ijPrZ89GDH8223L4UP8i6QApWxs04RbPQJTeWDV0/keR2E36MeKnyr6LYmUUvqRRI+Iv87SuF1W6ErINzYw==",
      "license": "MIT",
      "engines": {"node": ">=6.9.0"}
    },
    "node_modules/@babel/helper-validator-identifier": {
      "version": "7.29.7",
      "resolved": "https://registry.npmjs.org/@babel/helper-validator-identifier/-/helper-validator-identifier-7.29.7.tgz",
      "integrity": "sha512-qehGkRj55h/ff8EMaJ+cYhyaKlHIxqYDn682wQD7RNp9UujOQsHog2uS0r2vzr4pW+sXf90NeeayjcNaX3fFg==",
      "license": "MIT",
      "engines": {"node": ">=6.9.0"}
    },
    "node_modules/@kurkle/color": {
      "version": "0.3.4",
      "resolved": "https://registry.npmjs.org/@kurkle/color/-/color-0.3.4.tgz",
      "integrity": "sha512-cYRl8H6yq7rL1xW8nM4kQ2pF6vG9sX1dB3hJ5mN7qR0tV2wY4zA6cE8fG1iK3lM5nP7qS9uU2xW4yZ6aC8dE==",
      "license": "MIT"
    },
    "node_modules/chart.js": {
      "version": "4.5.1",
      "resolved": "https://registry.npmjs.org/chart.js/-/chart.js-4.5.1.tgz",
      "integrity": "sha512-2mJ7n8B0qX8xV8z0Q3k4Q5r8W2JgX5m5B9B7w0D0Q0K4rJ6m8L7W2R6L8H6A8H5G7K4R2V8M6X9Q3F2N5J8A==",
      "license": "MIT",
      "dependencies": {"@kurkle/color": "^0.3.0"}
    }
  }
}
